// !$*UTF8*$!
{
	archiveVersion = 1;
	classes = {
	};
	objectVersion = 55;
	objects = {

/* Begin PBXBuildFile section */
		0772E5005419E758E612EDD4 /* Pods_RetirementCalculatorTests.framework in Frameworks */ = {isa = PBXBuildFile; fileRef = 31FB7002968332A71D81B234 /* Pods_RetirementCalculatorTests.framework */; };
		173CC3597FAD705A0BF2F096 /* Pods_RetirementCalculator.framework in Frameworks */ = {isa = PBXBuildFile; fileRef = 8501A3F144CA4106AC2DC22F /* Pods_RetirementCalculator.framework */; };
		34BA17A694E58561756E3908 /* Pods_RetirementCalculator_RetirementCalculatorUITests.framework in Frameworks */ = {isa = PBXBuildFile; fileRef = 603000634948DC2C10382DB8 /* Pods_RetirementCalculator_RetirementCalculatorUITests.framework */; };
		E49B402B287F11DC00035C31 /* AppDelegate.swift in Sources */ = {isa = PBXBuildFile; fileRef = E49B402A287F11DC00035C31 /* AppDelegate.swift */; };
		E49B402D287F11DC00035C31 /* SceneDelegate.swift in Sources */ = {isa = PBXBuildFile; fileRef = E49B402C287F11DC00035C31 /* SceneDelegate.swift */; };
		E49B402F287F11DC00035C31 /* ViewController.swift in Sources */ = {isa = PBXBuildFile; fileRef = E49B402E287F11DC00035C31 /* ViewController.swift */; };
		E49B4032287F11DC00035C31 /* Main.storyboard in Resources */ = {isa = PBXBuildFile; fileRef = E49B4030287F11DC00035C31 /* Main.storyboard */; };
		E49B4034287F11E200035C31 /* Assets.xcassets in Resources */ = {isa = PBXBuildFile; fileRef = E49B4033287F11E200035C31 /* Assets.xcassets */; };
		E49B4037287F11E200035C31 /* LaunchScreen.storyboard in Resources */ = {isa = PBXBuildFile; fileRef = E49B4035287F11E200035C31 /* LaunchScreen.storyboard */; };
		E49B4042287F11E200035C31 /* RetirementCalculatorTests.swift in Sources */ = {isa = PBXBuildFile; fileRef = E49B4041287F11E200035C31 /* RetirementCalculatorTests.swift */; };
		E49B404E287F11E200035C31 /* RetirementCalculatorUITestsLaunchTests.swift in Sources */ = {isa = PBXBuildFile; fileRef = E49B404D287F11E200035C31 /* RetirementCalculatorUITestsLaunchTests.swift */; };
		E4D82F112885A74100EEE6E4 /* RetirementCalculatorUITests.swift in Sources */ = {isa = PBXBuildFile; fileRef = E4D82F102885A74100EEE6E4 /* RetirementCalculatorUITests.swift */; };
		E4D82F16288790F200EEE6E4 /* libswiftCompatibility50.a in Frameworks */ = {isa = PBXBuildFile; fileRef = E4D82F12288790F200EEE6E4 /* libswiftCompatibility50.a */; };
		E4D82F17288790F200EEE6E4 /* libswiftCompatibilityDynamicReplacements.a in Frameworks */ = {isa = PBXBuildFile; fileRef = E4D82F13288790F200EEE6E4 /* libswiftCompatibilityDynamicReplacements.a */; };
		E4D82F18288790F200EEE6E4 /* libswiftCompatibilityConcurrency.a in Frameworks */ = {isa = PBXBuildFile; fileRef = E4D82F14288790F200EEE6E4 /* libswiftCompatibilityConcurrency.a */; };
		E4D82F19288790F200EEE6E4 /* libswiftCompatibility51.a in Frameworks */ = {isa = PBXBuildFile; fileRef = E4D82F15288790F200EEE6E4 /* libswiftCompatibility51.a */; };
/* End PBXBuildFile section */

/* Begin PBXContainerItemProxy section */
		E49B403E287F11E200035C31 /* PBXContainerItemProxy */ = {
			isa = PBXContainerItemProxy;
			containerPortal = E49B401F287F11DC00035C31 /* Project object */;
			proxyType = 1;
			remoteGlobalIDString = E49B4026287F11DC00035C31;
			remoteInfo = RetirementCalculator;
		};
		E49B4048287F11E200035C31 /* PBXContainerItemProxy */ = {
			isa = PBXContainerItemProxy;
			containerPortal = E49B401F287F11DC00035C31 /* Project object */;
			proxyType = 1;
			remoteGlobalIDString = E49B4026287F11DC00035C31;
			remoteInfo = RetirementCalculator;
		};
/* End PBXContainerItemProxy section */

/* Begin PBXFileReference section */
		31FB7002968332A71D81B234 /* Pods_RetirementCalculatorTests.framework */ = {isa = PBXFileReference; explicitFileType = wrapper.framework; includeInIndex = 0; path = Pods_RetirementCalculatorTests.framework; sourceTree = BUILT_PRODUCTS_DIR; };
		3BCBA624627C4347D9D8DA0D /* Pods-RetirementCalculator-RetirementCalculatorUITests.debug.xcconfig */ = {isa = PBXFileReference; includeInIndex = 1; lastKnownFileType = text.xcconfig; name = "Pods-RetirementCalculator-RetirementCalculatorUITests.debug.xcconfig"; path = "Target Support Files/Pods-RetirementCalculator-RetirementCalculatorUITests/Pods-RetirementCalculator-RetirementCalculatorUITests.debug.xcconfig"; sourceTree = "<group>"; };
		42597608282F4841833A2845 /* Pods-RetirementCalculatorTests.release.xcconfig */ = {isa = PBXFileReference; includeInIndex = 1; lastKnownFileType = text.xcconfig; name = "Pods-RetirementCalculatorTests.release.xcconfig"; path = "Target Support Files/Pods-RetirementCalculatorTests/Pods-RetirementCalculatorTests.release.xcconfig"; sourceTree = "<group>"; };
		5AE4A9CC724A4327F7D686A3 /* Pods-RetirementCalculator-RetirementCalculatorUITests.release.xcconfig */ = {isa = PBXFileReference; includeInIndex = 1; lastKnownFileType = text.xcconfig; name = "Pods-RetirementCalculator-RetirementCalculatorUITests.release.xcconfig"; path = "Target Support Files/Pods-RetirementCalculator-RetirementCalculatorUITests/Pods-RetirementCalculator-RetirementCalculatorUITests.release.xcconfig"; sourceTree = "<group>"; };
		603000634948DC2C10382DB8 /* Pods_RetirementCalculator_RetirementCalculatorUITests.framework */ = {isa = PBXFileReference; explicitFileType = wrapper.framework; includeInIndex = 0; path = Pods_RetirementCalculator_RetirementCalculatorUITests.framework; sourceTree = BUILT_PRODUCTS_DIR; };
		77929669668F086EAE2B571B /* Pods-RetirementCalculatorTests.debug.xcconfig */ = {isa = PBXFileReference; includeInIndex = 1; lastKnownFileType = text.xcconfig; name = "Pods-RetirementCalculatorTests.debug.xcconfig"; path = "Target Support Files/Pods-RetirementCalculatorTests/Pods-RetirementCalculatorTests.debug.xcconfig"; sourceTree = "<group>"; };
		7D0430DF5289120B58063C1E /* Pods-RetirementCalculator.release.xcconfig */ = {isa = PBXFileReference; includeInIndex = 1; lastKnownFileType = text.xcconfig; name = "Pods-RetirementCalculator.release.xcconfig"; path = "Target Support Files/Pods-RetirementCalculator/Pods-RetirementCalculator.release.xcconfig"; sourceTree = "<group>"; };
		8501A3F144CA4106AC2DC22F /* Pods_RetirementCalculator.framework */ = {isa = PBXFileReference; explicitFileType = wrapper.framework; includeInIndex = 0; path = Pods_RetirementCalculator.framework; sourceTree = BUILT_PRODUCTS_DIR; };
		B05242C11785CA3205A2A4ED /* Pods-RetirementCalculator.debug.xcconfig */ = {isa = PBXFileReference; includeInIndex = 1; lastKnownFileType = text.xcconfig; name = "Pods-RetirementCalculator.debug.xcconfig"; path = "Target Support Files/Pods-RetirementCalculator/Pods-RetirementCalculator.debug.xcconfig"; sourceTree = "<group>"; };
		E49B4027287F11DC00035C31 /* RetirementCalculator.app */ = {isa = PBXFileReference; explicitFileType = wrapper.application; includeInIndex = 0; path = RetirementCalculator.app; sourceTree = BUILT_PRODUCTS_DIR; };
		E49B402A287F11DC00035C31 /* AppDelegate.swift */ = {isa = PBXFileReference; lastKnownFileType = sourcecode.swift; path = AppDelegate.swift; sourceTree = "<group>"; };
		E49B402C287F11DC00035C31 /* SceneDelegate.swift */ = {isa = PBXFileReference; lastKnownFileType = sourcecode.swift; path = SceneDelegate.swift; sourceTree = "<group>"; };
		E49B402E287F11DC00035C31 /* ViewController.swift */ = {isa = PBXFileReference; lastKnownFileType = sourcecode.swift; path = ViewController.swift; sourceTree = "<group>"; };
		E49B4031287F11DC00035C31 /* Base */ = {isa = PBXFileReference; lastKnownFileType = file.storyboard; name = Base; path = Base.lproj/Main.storyboard; sourceTree = "<group>"; };
		E49B4033287F11E200035C31 /* Assets.xcassets */ = {isa = PBXFileReference; lastKnownFileType = folder.assetcatalog; path = Assets.xcassets; sourceTree = "<group>"; };
		E49B4036287F11E200035C31 /* Base */ = {isa = PBXFileReference; lastKnownFileType = file.storyboard; name = Base; path = Base.lproj/LaunchScreen.storyboard; sourceTree = "<group>"; };
		E49B4038287F11E200035C31 /* Info.plist */ = {isa = PBXFileReference; lastKnownFileType = text.plist.xml; path = Info.plist; sourceTree = "<group>"; };
		E49B403D287F11E200035C31 /* RetirementCalculatorTests.xctest */ = {isa = PBXFileReference; explicitFileType = wrapper.cfbundle; includeInIndex = 0; path = RetirementCalculatorTests.xctest; sourceTree = BUILT_PRODUCTS_DIR; };
		E49B4041287F11E200035C31 /* RetirementCalculatorTests.swift */ = {isa = PBXFileReference; lastKnownFileType = sourcecode.swift; path = RetirementCalculatorTests.swift; sourceTree = "<group>"; };
		E49B4047287F11E200035C31 /* RetirementCalculatorUITests.xctest */ = {isa = PBXFileReference; explicitFileType = wrapper.cfbundle; includeInIndex = 0; path = RetirementCalculatorUITests.xctest; sourceTree = BUILT_PRODUCTS_DIR; };
		E49B404D287F11E200035C31 /* RetirementCalculatorUITestsLaunchTests.swift */ = {isa = PBXFileReference; lastKnownFileType = sourcecode.swift; path = RetirementCalculatorUITestsLaunchTests.swift; sourceTree = "<group>"; };
		E4D82F102885A74100EEE6E4 /* RetirementCalculatorUITests.swift */ = {isa = PBXFileReference; lastKnownFileType = sourcecode.swift; path = RetirementCalculatorUITests.swift; sourceTree = "<group>"; };
		E4D82F12288790F200EEE6E4 /* libswiftCompatibility50.a */ = {isa = PBXFileReference; lastKnownFileType = archive.ar; path = libswiftCompatibility50.a; sourceTree = "<group>"; };
		E4D82F13288790F200EEE6E4 /* libswiftCompatibilityDynamicReplacements.a */ = {isa = PBXFileReference; lastKnownFileType = archive.ar; path = libswiftCompatibilityDynamicReplacements.a; sourceTree = "<group>"; };
		E4D82F14288790F200EEE6E4 /* libswiftCompatibilityConcurrency.a */ = {isa = PBXFileReference; lastKnownFileType = archive.ar; path = libswiftCompatibilityConcurrency.a; sourceTree = "<group>"; };
		E4D82F15288790F200EEE6E4 /* libswiftCompatibility51.a */ = {isa = PBXFileReference; lastKnownFileType = archive.ar; path = libswiftCompatibility51.a; sourceTree = "<group>"; };
/* End PBXFileReference section */

/* Begin PBXFrameworksBuildPhase section */
		E49B4024287F11DC00035C31 /* Frameworks */ = {
			isa = PBXFrameworksBuildPhase;
			buildActionMask = 2147483647;
			files = (
				173CC3597FAD705A0BF2F096 /* Pods_RetirementCalculator.framework in Frameworks */,
			);
			runOnlyForDeploymentPostprocessing = 0;
		};
		E49B403A287F11E200035C31 /* Frameworks */ = {
			isa = PBXFrameworksBuildPhase;
			buildActionMask = 2147483647;
			files = (
				0772E5005419E758E612EDD4 /* Pods_RetirementCalculatorTests.framework in Frameworks */,
				E4D82F19288790F200EEE6E4 /* libswiftCompatibility51.a in Frameworks */,
				E4D82F17288790F200EEE6E4 /* libswiftCompatibilityDynamicReplacements.a in Frameworks */,
				E4D82F18288790F200EEE6E4 /* libswiftCompatibilityConcurrency.a in Frameworks */,
				E4D82F16288790F200EEE6E4 /* libswiftCompatibility50.a in Frameworks */,
			);
			runOnlyForDeploymentPostprocessing = 0;
		};
		E49B4044287F11E200035C31 /* Frameworks */ = {
			isa = PBXFrameworksBuildPhase;
			buildActionMask = 2147483647;
			files = (
				34BA17A694E58561756E3908 /* Pods_RetirementCalculator_RetirementCalculatorUITests.framework in Frameworks */,
			);
			runOnlyForDeploymentPostprocessing = 0;
		};
/* End PBXFrameworksBuildPhase section */

/* Begin PBXGroup section */
		1AA00B9B40B29809C8B80752 /* Frameworks */ = {
			isa = PBXGroup;
			children = (
				E4D82F12288790F200EEE6E4 /* libswiftCompatibility50.a */,
				E4D82F15288790F200EEE6E4 /* libswiftCompatibility51.a */,
				E4D82F14288790F200EEE6E4 /* libswiftCompatibilityConcurrency.a */,
				E4D82F13288790F200EEE6E4 /* libswiftCompatibilityDynamicReplacements.a */,
				8501A3F144CA4106AC2DC22F /* Pods_RetirementCalculator.framework */,
				603000634948DC2C10382DB8 /* Pods_RetirementCalculator_RetirementCalculatorUITests.framework */,
				31FB7002968332A71D81B234 /* Pods_RetirementCalculatorTests.framework */,
			);
			name = Frameworks;
			sourceTree = "<group>";
		};
		90AEAEAF7392201345C4FE5E /* Pods */ = {
			isa = PBXGroup;
			children = (
				B05242C11785CA3205A2A4ED /* Pods-RetirementCalculator.debug.xcconfig */,
				7D0430DF5289120B58063C1E /* Pods-RetirementCalculator.release.xcconfig */,
				3BCBA624627C4347D9D8DA0D /* Pods-RetirementCalculator-RetirementCalculatorUITests.debug.xcconfig */,
				5AE4A9CC724A4327F7D686A3 /* Pods-RetirementCalculator-RetirementCalculatorUITests.release.xcconfig */,
				77929669668F086EAE2B571B /* Pods-RetirementCalculatorTests.debug.xcconfig */,
				42597608282F4841833A2845 /* Pods-RetirementCalculatorTests.release.xcconfig */,
			);
			path = Pods;
			sourceTree = "<group>";
		};
		E49B401E287F11DC00035C31 = {
			isa = PBXGroup;
			children = (
				E49B4029287F11DC00035C31 /* RetirementCalculator */,
				E49B4040287F11E200035C31 /* RetirementCalculatorTests */,
				E49B404A287F11E200035C31 /* RetirementCalculatorUITests */,
				E49B4028287F11DC00035C31 /* Products */,
				90AEAEAF7392201345C4FE5E /* Pods */,
				1AA00B9B40B29809C8B80752 /* Frameworks */,
			);
			sourceTree = "<group>";
		};
		E49B4028287F11DC00035C31 /* Products */ = {
			isa = PBXGroup;
			children = (
				E49B4027287F11DC00035C31 /* RetirementCalculator.app */,
				E49B403D287F11E200035C31 /* RetirementCalculatorTests.xctest */,
				E49B4047287F11E200035C31 /* RetirementCalculatorUITests.xctest */,
			);
			name = Products;
			sourceTree = "<group>";
		};
		E49B4029287F11DC00035C31 /* RetirementCalculator */ = {
			isa = PBXGroup;
			children = (
				E49B402A287F11DC00035C31 /* AppDelegate.swift */,
				E49B402C287F11DC00035C31 /* SceneDelegate.swift */,
				E49B402E287F11DC00035C31 /* ViewController.swift */,
				E49B4030287F11DC00035C31 /* Main.storyboard */,
				E49B4033287F11E200035C31 /* Assets.xcassets */,
				E49B4035287F11E200035C31 /* LaunchScreen.storyboard */,
				E49B4038287F11E200035C31 /* Info.plist */,
			);
			path = RetirementCalculator;
			sourceTree = "<group>";
		};
		E49B4040287F11E200035C31 /* RetirementCalculatorTests */ = {
			isa = PBXGroup;
			children = (
				E49B4041287F11E200035C31 /* RetirementCalculatorTests.swift */,
			);
			path = RetirementCalculatorTests;
			sourceTree = "<group>";
		};
		E49B404A287F11E200035C31 /* RetirementCalculatorUITests */ = {
			isa = PBXGroup;
			children = (
				E49B404D287F11E200035C31 /* RetirementCalculatorUITestsLaunchTests.swift */,
				E4D82F102885A74100EEE6E4 /* RetirementCalculatorUITests.swift */,
			);
			path = RetirementCalculatorUITests;
			sourceTree = "<group>";
		};
/* End PBXGroup section */

/* Begin PBXNativeTarget section */
		E49B4026287F11DC00035C31 /* RetirementCalculator */ = {
			isa = PBXNativeTarget;
			buildConfigurationList = E49B4051287F11E200035C31 /* Build configuration list for PBXNativeTarget "RetirementCalculator" */;
			buildPhases = (
				E12CAD9778834F8B26964322 /* [CP] Check Pods Manifest.lock */,
				E49B4023287F11DC00035C31 /* Sources */,
				E49B4024287F11DC00035C31 /* Frameworks */,
				E49B4025287F11DC00035C31 /* Resources */,
			);
			buildRules = (
			);
			dependencies = (
			);
			name = RetirementCalculator;
			productName = RetirementCalculator;
			productReference = E49B4027287F11DC00035C31 /* RetirementCalculator.app */;
			productType = "com.apple.product-type.application";
		};
		E49B403C287F11E200035C31 /* RetirementCalculatorTests */ = {
			isa = PBXNativeTarget;
			buildConfigurationList = E49B4054287F11E200035C31 /* Build configuration list for PBXNativeTarget "RetirementCalculatorTests" */;
			buildPhases = (
				39C464A2C28DEE34F2DABAFD /* [CP] Check Pods Manifest.lock */,
				E49B4039287F11E200035C31 /* Sources */,
				E49B403A287F11E200035C31 /* Frameworks */,
				E49B403B287F11E200035C31 /* Resources */,
			);
			buildRules = (
			);
			dependencies = (
				E49B403F287F11E200035C31 /* PBXTargetDependency */,
			);
			name = RetirementCalculatorTests;
			productName = RetirementCalculatorTests;
			productReference = E49B403D287F11E200035C31 /* RetirementCalculatorTests.xctest */;
			productType = "com.apple.product-type.bundle.unit-test";
		};
		E49B4046287F11E200035C31 /* RetirementCalculatorUITests */ = {
			isa = PBXNativeTarget;
			buildConfigurationList = E49B4057287F11E200035C31 /* Build configuration list for PBXNativeTarget "RetirementCalculatorUITests" */;
			buildPhases = (
				1D549B5AC13D7D98C0836E28 /* [CP] Check Pods Manifest.lock */,
				E49B4043287F11E200035C31 /* Sources */,
				E49B4044287F11E200035C31 /* Frameworks */,
				E49B4045287F11E200035C31 /* Resources */,
			);
			buildRules = (
			);
			dependencies = (
				E49B4049287F11E200035C31 /* PBXTargetDependency */,
			);
			name = RetirementCalculatorUITests;
			productName = RetirementCalculatorUITests;
			productReference = E49B4047287F11E200035C31 /* RetirementCalculatorUITests.xctest */;
			productType = "com.apple.product-type.bundle.ui-testing";
		};
/* End PBXNativeTarget section */

/* Begin PBXProject section */
		E49B401F287F11DC00035C31 /* Project object */ = {
			isa = PBXProject;
			attributes = {
				BuildIndependentTargetsInParallel = 1;
				LastSwiftUpdateCheck = 1340;
				LastUpgradeCheck = 1340;
				TargetAttributes = {
					E49B4026287F11DC00035C31 = {
						CreatedOnToolsVersion = 13.4.1;
					};
					E49B403C287F11E200035C31 = {
						CreatedOnToolsVersion = 13.4.1;
						TestTargetID = E49B4026287F11DC00035C31;
					};
					E49B4046287F11E200035C31 = {
						CreatedOnToolsVersion = 13.4.1;
						TestTargetID = E49B4026287F11DC00035C31;
					};
				};
			};
			buildConfigurationList = E49B4022287F11DC00035C31 /* Build configuration list for PBXProject "RetirementCalculator" */;
			compatibilityVersion = "Xcode 13.0";
			developmentRegion = en;
			hasScannedForEncodings = 0;
			knownRegions = (
				en,
				Base,
			);
			mainGroup = E49B401E287F11DC00035C31;
			productRefGroup = E49B4028287F11DC00035C31 /* Products */;
			projectDirPath = "";
			projectRoot = "";
			targets = (
				E49B4026287F11DC00035C31 /* RetirementCalculator */,
				E49B403C287F11E200035C31 /* RetirementCalculatorTests */,
				E49B4046287F11E200035C31 /* RetirementCalculatorUITests */,
			);
		};
/* End PBXProject section */

/* Begin PBXResourcesBuildPhase section */
		E49B4025287F11DC00035C31 /* Resources */ = {
			isa = PBXResourcesBuildPhase;
			buildActionMask = 2147483647;
			files = (
				E49B4037287F11E200035C31 /* LaunchScreen.storyboard in Resources */,
				E49B4034287F11E200035C31 /* Assets.xcassets in Resources */,
				E49B4032287F11DC00035C31 /* Main.storyboard in Resources */,
			);
			runOnlyForDeploymentPostprocessing = 0;
		};
		E49B403B287F11E200035C31 /* Resources */ = {
			isa = PBXResourcesBuildPhase;
			buildActionMask = 2147483647;
			files = (
			);
			runOnlyForDeploymentPostprocessing = 0;
		};
		E49B4045287F11E200035C31 /* Resources */ = {
			isa = PBXResourcesBuildPhase;
			buildActionMask = 2147483647;
			files = (
			);
			runOnlyForDeploymentPostprocessing = 0;
		};
/* End PBXResourcesBuildPhase section */

/* Begin PBXShellScriptBuildPhase section */
		1D549B5AC13D7D98C0836E28 /* [CP] Check Pods Manifest.lock */ = {
			isa = PBXShellScriptBuildPhase;
			buildActionMask = 2147483647;
			files = (
			);
			inputFileListPaths = (
			);
			inputPaths = (
				"${PODS_PODFILE_DIR_PATH}/Podfile.lock",
				"${PODS_ROOT}/Manifest.lock",
			);
			name = "[CP] Check Pods Manifest.lock";
			outputFileListPaths = (
			);
			outputPaths = (
				"$(DERIVED_FILE_DIR)/Pods-RetirementCalculator-RetirementCalculatorUITests-checkManifestLockResult.txt",
			);
			runOnlyForDeploymentPostprocessing = 0;
			shellPath = /bin/sh;
			shellScript = "diff \"${PODS_PODFILE_DIR_PATH}/Podfile.lock\" \"${PODS_ROOT}/Manifest.lock\" > /dev/null\nif [ $? != 0 ] ; then\n    # print error to STDERR\n    echo \"error: The sandbox is not in sync with the Podfile.lock. Run 'pod install' or update your CocoaPods installation.\" >&2\n    exit 1\nfi\n# This output is used by Xcode 'outputs' to avoid re-running this script phase.\necho \"SUCCESS\" > \"${SCRIPT_OUTPUT_FILE_0}\"\n";
			showEnvVarsInLog = 0;
		};
		39C464A2C28DEE34F2DABAFD /* [CP] Check Pods Manifest.lock */ = {
			isa = PBXShellScriptBuildPhase;
			buildActionMask = 2147483647;
			files = (
			);
			inputFileListPaths = (
			);
			inputPaths = (
				"${PODS_PODFILE_DIR_PATH}/Podfile.lock",
				"${PODS_ROOT}/Manifest.lock",
			);
			name = "[CP] Check Pods Manifest.lock";
			outputFileListPaths = (
			);
			outputPaths = (
				"$(DERIVED_FILE_DIR)/Pods-RetirementCalculatorTests-checkManifestLockResult.txt",
			);
			runOnlyForDeploymentPostprocessing = 0;
			shellPath = /bin/sh;
			shellScript = "diff \"${PODS_PODFILE_DIR_PATH}/Podfile.lock\" \"${PODS_ROOT}/Manifest.lock\" > /dev/null\nif [ $? != 0 ] ; then\n    # print error to STDERR\n    echo \"error: The sandbox is not in sync with the Podfile.lock. Run 'pod install' or update your CocoaPods installation.\" >&2\n    exit 1\nfi\n# This output is used by Xcode 'outputs' to avoid re-running this script phase.\necho \"SUCCESS\" > \"${SCRIPT_OUTPUT_FILE_0}\"\n";
			showEnvVarsInLog = 0;
		};
		E12CAD9778834F8B26964322 /* [CP] Check Pods Manifest.lock */ = {
			isa = PBXShellScriptBuildPhase;
			buildActionMask = 2147483647;
			files = (
			);
			inputFileListPaths = (
			);
			inputPaths = (
				"${PODS_PODFILE_DIR_PATH}/Podfile.lock",
				"${PODS_ROOT}/Manifest.lock",
			);
			name = "[CP] Check Pods Manifest.lock";
			outputFileListPaths = (
			);
			outputPaths = (
				"$(DERIVED_FILE_DIR)/Pods-RetirementCalculator-checkManifestLockResult.txt",
			);
			runOnlyForDeploymentPostprocessing = 0;
			shellPath = /bin/sh;
			shellScript = "diff \"${PODS_PODFILE_DIR_PATH}/Podfile.lock\" \"${PODS_ROOT}/Manifest.lock\" > /dev/null\nif [ $? != 0 ] ; then\n    # print error to STDERR\n    echo \"error: The sandbox is not in sync with the Podfile.lock. Run 'pod install' or update your CocoaPods installation.\" >&2\n    exit 1\nfi\n# This output is used by Xcode 'outputs' to avoid re-running this script phase.\necho \"SUCCESS\" > \"${SCRIPT_OUTPUT_FILE_0}\"\n";
			showEnvVarsInLog = 0;
		};
/* End PBXShellScriptBuildPhase section */

/* Begin PBXSourcesBuildPhase section */
		E49B4023287F11DC00035C31 /* Sources */ = {
			isa = PBXSourcesBuildPhase;
			buildActionMask = 2147483647;
			files = (
				E49B402F287F11DC00035C31 /* ViewController.swift in Sources */,
				E49B402B287F11DC00035C31 /* AppDelegate.swift in Sources */,
				E49B402D287F11DC00035C31 /* SceneDelegate.swift in Sources */,
			);
			runOnlyForDeploymentPostprocessing = 0;
		};
		E49B4039287F11E200035C31 /* Sources */ = {
			isa = PBXSourcesBuildPhase;
			buildActionMask = 2147483647;
			files = (
				E49B4042287F11E200035C31 /* RetirementCalculatorTests.swift in Sources */,
			);
			runOnlyForDeploymentPostprocessing = 0;
		};
		E49B4043287F11E200035C31 /* Sources */ = {
			isa = PBXSourcesBuildPhase;
			buildActionMask = 2147483647;
			files = (
				E4D82F112885A74100EEE6E4 /* RetirementCalculatorUITests.swift in Sources */,
				E49B404E287F11E200035C31 /* RetirementCalculatorUITestsLaunchTests.swift in Sources */,
			);
			runOnlyForDeploymentPostprocessing = 0;
		};
/* End PBXSourcesBuildPhase section */

/* Begin PBXTargetDependency section */
		E49B403F287F11E200035C31 /* PBXTargetDependency */ = {
			isa = PBXTargetDependency;
			target = E49B4026287F11DC00035C31 /* RetirementCalculator */;
			targetProxy = E49B403E287F11E200035C31 /* PBXContainerItemProxy */;
		};
		E49B4049287F11E200035C31 /* PBXTargetDependency */ = {
			isa = PBXTargetDependency;
			target = E49B4026287F11DC00035C31 /* RetirementCalculator */;
			targetProxy = E49B4048287F11E200035C31 /* PBXContainerItemProxy */;
		};
/* End PBXTargetDependency section */

/* Begin PBXVariantGroup section */
		E49B4030287F11DC00035C31 /* Main.storyboard */ = {
			isa = PBXVariantGroup;
			children = (
				E49B4031287F11DC00035C31 /* Base */,
			);
			name = Main.storyboard;
			sourceTree = "<group>";
		};
		E49B4035287F11E200035C31 /* LaunchScreen.storyboard */ = {
			isa = PBXVariantGroup;
			children = (
				E49B4036287F11E200035C31 /* Base */,
			);
			name = LaunchScreen.storyboard;
			sourceTree = "<group>";
		};
/* End PBXVariantGroup section */

/* Begin XCBuildConfiguration section */
		E49B404F287F11E200035C31 /* Debug */ = {
			isa = XCBuildConfiguration;
			buildSettings = {
				ALWAYS_SEARCH_USER_PATHS = NO;
				CLANG_ANALYZER_NONNULL = YES;
				CLANG_ANALYZER_NUMBER_OBJECT_CONVERSION = YES_AGGRESSIVE;
				CLANG_CXX_LANGUAGE_STANDARD = "gnu++17";
				CLANG_ENABLE_MODULES = YES;
				CLANG_ENABLE_OBJC_ARC = YES;
				CLANG_ENABLE_OBJC_WEAK = YES;
				CLANG_WARN_BLOCK_CAPTURE_AUTORELEASING = YES;
				CLANG_WARN_BOOL_CONVERSION = YES;
				CLANG_WARN_COMMA = YES;
				CLANG_WARN_CONSTANT_CONVERSION = YES;
				CLANG_WARN_DEPRECATED_OBJC_IMPLEMENTATIONS = YES;
				CLANG_WARN_DIRECT_OBJC_ISA_USAGE = YES_ERROR;
				CLANG_WARN_DOCUMENTATION_COMMENTS = YES;
				CLANG_WARN_EMPTY_BODY = YES;
				CLANG_WARN_ENUM_CONVERSION = YES;
				CLANG_WARN_INFINITE_RECURSION = YES;
				CLANG_WARN_INT_CONVERSION = YES;
				CLANG_WARN_NON_LITERAL_NULL_CONVERSION = YES;
				CLANG_WARN_OBJC_IMPLICIT_RETAIN_SELF = YES;
				CLANG_WARN_OBJC_LITERAL_CONVERSION = YES;
				CLANG_WARN_OBJC_ROOT_CLASS = YES_ERROR;
				CLANG_WARN_QUOTED_INCLUDE_IN_FRAMEWORK_HEADER = YES;
				CLANG_WARN_RANGE_LOOP_ANALYSIS = YES;
				CLANG_WARN_STRICT_PROTOTYPES = YES;
				CLANG_WARN_SUSPICIOUS_MOVE = YES;
				CLANG_WARN_UNGUARDED_AVAILABILITY = YES_AGGRESSIVE;
				CLANG_WARN_UNREACHABLE_CODE = YES;
				CLANG_WARN__DUPLICATE_METHOD_MATCH = YES;
				COPY_PHASE_STRIP = NO;
				DEBUG_INFORMATION_FORMAT = dwarf;
				ENABLE_STRICT_OBJC_MSGSEND = YES;
				ENABLE_TESTABILITY = YES;
				GCC_C_LANGUAGE_STANDARD = gnu11;
				GCC_DYNAMIC_NO_PIC = NO;
				GCC_NO_COMMON_BLOCKS = YES;
				GCC_OPTIMIZATION_LEVEL = 0;
				GCC_PREPROCESSOR_DEFINITIONS = (
					"DEBUG=1",
					"$(inherited)",
				);
				GCC_WARN_64_TO_32_BIT_CONVERSION = YES;
				GCC_WARN_ABOUT_RETURN_TYPE = YES_ERROR;
				GCC_WARN_UNDECLARED_SELECTOR = YES;
				GCC_WARN_UNINITIALIZED_AUTOS = YES_AGGRESSIVE;
				GCC_WARN_UNUSED_FUNCTION = YES;
				GCC_WARN_UNUSED_VARIABLE = YES;
				IPHONEOS_DEPLOYMENT_TARGET = 15.5;
				MTL_ENABLE_DEBUG_INFO = INCLUDE_SOURCE;
				MTL_FAST_MATH = YES;
				ONLY_ACTIVE_ARCH = YES;
				SDKROOT = iphoneos;
				SWIFT_ACTIVE_COMPILATION_CONDITIONS = DEBUG;
				SWIFT_OPTIMIZATION_LEVEL = "-Onone";
			};
			name = Debug;
		};
		E49B4050287F11E200035C31 /* Release */ = {
			isa = XCBuildConfiguration;
			buildSettings = {
				ALWAYS_SEARCH_USER_PATHS = NO;
				CLANG_ANALYZER_NONNULL = YES;
				CLANG_ANALYZER_NUMBER_OBJECT_CONVERSION = YES_AGGRESSIVE;
				CLANG_CXX_LANGUAGE_STANDARD = "gnu++17";
				CLANG_ENABLE_MODULES = YES;
				CLANG_ENABLE_OBJC_ARC = YES;
				CLANG_ENABLE_OBJC_WEAK = YES;
				CLANG_WARN_BLOCK_CAPTURE_AUTORELEASING = YES;
				CLANG_WARN_BOOL_CONVERSION = YES;
				CLANG_WARN_COMMA = YES;
				CLANG_WARN_CONSTANT_CONVERSION = YES;
				CLANG_WARN_DEPRECATED_OBJC_IMPLEMENTATIONS = YES;
				CLANG_WARN_DIRECT_OBJC_ISA_USAGE = YES_ERROR;
				CLANG_WARN_DOCUMENTATION_COMMENTS = YES;
				CLANG_WARN_EMPTY_BODY = YES;
				CLANG_WARN_ENUM_CONVERSION = YES;
				CLANG_WARN_INFINITE_RECURSION = YES;
				CLANG_WARN_INT_CONVERSION = YES;
				CLANG_WARN_NON_LITERAL_NULL_CONVERSION = YES;
				CLANG_WARN_OBJC_IMPLICIT_RETAIN_SELF = YES;
				CLANG_WARN_OBJC_LITERAL_CONVERSION = YES;
				CLANG_WARN_OBJC_ROOT_CLASS = YES_ERROR;
				CLANG_WARN_QUOTED_INCLUDE_IN_FRAMEWORK_HEADER = YES;
				CLANG_WARN_RANGE_LOOP_ANALYSIS = YES;
				CLANG_WARN_STRICT_PROTOTYPES = YES;
				CLANG_WARN_SUSPICIOUS_MOVE = YES;
				CLANG_WARN_UNGUARDED_AVAILABILITY = YES_AGGRESSIVE;
				CLANG_WARN_UNREACHABLE_CODE = YES;
				CLANG_WARN__DUPLICATE_METHOD_MATCH = YES;
				COPY_PHASE_STRIP = NO;
				DEBUG_INFORMATION_FORMAT = "dwarf-with-dsym";
				ENABLE_NS_ASSERTIONS = NO;
				ENABLE_STRICT_OBJC_MSGSEND = YES;
				GCC_C_LANGUAGE_STANDARD = gnu11;
				GCC_NO_COMMON_BLOCKS = YES;
				GCC_WARN_64_TO_32_BIT_CONVERSION = YES;
				GCC_WARN_ABOUT_RETURN_TYPE = YES_ERROR;
				GCC_WARN_UNDECLARED_SELECTOR = YES;
				GCC_WARN_UNINITIALIZED_AUTOS = YES_AGGRESSIVE;
				GCC_WARN_UNUSED_FUNCTION = YES;
				GCC_WARN_UNUSED_VARIABLE = YES;
				IPHONEOS_DEPLOYMENT_TARGET = 15.5;
				MTL_ENABLE_DEBUG_INFO = NO;
				MTL_FAST_MATH = YES;
				SDKROOT = iphoneos;
				SWIFT_COMPILATION_MODE = wholemodule;
				SWIFT_OPTIMIZATION_LEVEL = "-O";
				VALIDATE_PRODUCT = YES;
			};
			name = Release;
		};
		E49B4052287F11E200035C31 /* Debug */ = {
			isa = XCBuildConfiguration;
			baseConfigurationReference = B05242C11785CA3205A2A4ED /* Pods-RetirementCalculator.debug.xcconfig */;
			buildSettings = {
				ASSETCATALOG_COMPILER_APPICON_NAME = AppIcon;
				ASSETCATALOG_COMPILER_GLOBAL_ACCENT_COLOR_NAME = AccentColor;
				CODE_SIGN_STYLE = Automatic;
				CURRENT_PROJECT_VERSION = 1;
				DEBUG_INFORMATION_FORMAT = "dwarf-with-dsym";
				DEVELOPMENT_TEAM = 5UJB27KNU5;
				GENERATE_INFOPLIST_FILE = YES;
				INFOPLIST_FILE = RetirementCalculator/Info.plist;
				INFOPLIST_KEY_UIApplicationSupportsIndirectInputEvents = YES;
				INFOPLIST_KEY_UILaunchStoryboardName = LaunchScreen;
				INFOPLIST_KEY_UIMainStoryboardFile = Main;
				INFOPLIST_KEY_UISupportedInterfaceOrientations_iPad = "UIInterfaceOrientationPortrait UIInterfaceOrientationPortraitUpsideDown UIInterfaceOrientationLandscapeLeft UIInterfaceOrientationLandscapeRight";
				INFOPLIST_KEY_UISupportedInterfaceOrientations_iPhone = "UIInterfaceOrientationPortrait UIInterfaceOrientationLandscapeLeft UIInterfaceOrientationLandscapeRight";
				IPHONEOS_DEPLOYMENT_TARGET = 9.0;
				LD_RUNPATH_SEARCH_PATHS = (
					"$(inherited)",
					"@executable_path/Frameworks",
				);
				MARKETING_VERSION = 1.0;
				PRODUCT_BUNDLE_IDENTIFIER = com.CoffeeOrder.RetirementCalculator;
				PRODUCT_NAME = "$(TARGET_NAME)";
				SWIFT_EMIT_LOC_STRINGS = YES;
				SWIFT_VERSION = 5.0;
				TARGETED_DEVICE_FAMILY = "1,2";
			};
			name = Debug;
		};
		E49B4053287F11E200035C31 /* Release */ = {
			isa = XCBuildConfiguration;
			baseConfigurationReference = 7D0430DF5289120B58063C1E /* Pods-RetirementCalculator.release.xcconfig */;
			buildSettings = {
				ASSETCATALOG_COMPILER_APPICON_NAME = AppIcon;
				ASSETCATALOG_COMPILER_GLOBAL_ACCENT_COLOR_NAME = AccentColor;
				CODE_SIGN_STYLE = Automatic;
				CURRENT_PROJECT_VERSION = 1;
				DEVELOPMENT_TEAM = 5UJB27KNU5;
				GENERATE_INFOPLIST_FILE = YES;
				INFOPLIST_FILE = RetirementCalculator/Info.plist;
				INFOPLIST_KEY_UIApplicationSupportsIndirectInputEvents = YES;
				INFOPLIST_KEY_UILaunchStoryboardName = LaunchScreen;
				INFOPLIST_KEY_UIMainStoryboardFile = Main;
				INFOPLIST_KEY_UISupportedInterfaceOrientations_iPad = "UIInterfaceOrientationPortrait UIInterfaceOrientationPortraitUpsideDown UIInterfaceOrientationLandscapeLeft UIInterfaceOrientationLandscapeRight";
				INFOPLIST_KEY_UISupportedInterfaceOrientations_iPhone = "UIInterfaceOrientationPortrait UIInterfaceOrientationLandscapeLeft UIInterfaceOrientationLandscapeRight";
				IPHONEOS_DEPLOYMENT_TARGET = 9.0;
				LD_RUNPATH_SEARCH_PATHS = (
					"$(inherited)",
					"@executable_path/Frameworks",
				);
				MARKETING_VERSION = 1.0;
				PRODUCT_BUNDLE_IDENTIFIER = com.CoffeeOrder.RetirementCalculator;
				PRODUCT_NAME = "$(TARGET_NAME)";
				SWIFT_EMIT_LOC_STRINGS = YES;
				SWIFT_VERSION = 5.0;
				TARGETED_DEVICE_FAMILY = "1,2";
			};
			name = Release;
		};
		E49B4055287F11E200035C31 /* Debug */ = {
			isa = XCBuildConfiguration;
			baseConfigurationReference = 77929669668F086EAE2B571B /* Pods-RetirementCalculatorTests.debug.xcconfig */;
			buildSettings = {
				ALWAYS_EMBED_SWIFT_STANDARD_LIBRARIES = YES;
				BUNDLE_LOADER = "$(TEST_HOST)";
				"CODE_SIGN_IDENTITY[sdk=macosx*]" = "Apple Development";
				CODE_SIGN_STYLE = Automatic;
				CURRENT_PROJECT_VERSION = 1;
				DEVELOPMENT_TEAM = 5UJB27KNU5;
				GENERATE_INFOPLIST_FILE = YES;
				IPHONEOS_DEPLOYMENT_TARGET = 15.5;
				LIBRARY_SEARCH_PATHS = (
					"$(inherited)",
					"$(PROJECT_DIR)",
				);
				MARKETING_VERSION = 1.0;
				PRODUCT_BUNDLE_IDENTIFIER = com.CoffeeOrder.RetirementCalculatorTests;
				PRODUCT_NAME = "$(TARGET_NAME)";
				SWIFT_EMIT_LOC_STRINGS = NO;
				SWIFT_VERSION = 5.0;
				TARGETED_DEVICE_FAMILY = "1,2";
				TEST_HOST = "$(BUILT_PRODUCTS_DIR)/RetirementCalculator.app/RetirementCalculator";
			};
			name = Debug;
		};
		E49B4056287F11E200035C31 /* Release */ = {
			isa = XCBuildConfiguration;
			baseConfigurationReference = 42597608282F4841833A2845 /* Pods-RetirementCalculatorTests.release.xcconfig */;
			buildSettings = {
				ALWAYS_EMBED_SWIFT_STANDARD_LIBRARIES = YES;
				BUNDLE_LOADER = "$(TEST_HOST)";
				"CODE_SIGN_IDENTITY[sdk=macosx*]" = "Apple Development";
				CODE_SIGN_STYLE = Automatic;
				CURRENT_PROJECT_VERSION = 1;
				DEVELOPMENT_TEAM = 5UJB27KNU5;
				GENERATE_INFOPLIST_FILE = YES;
				IPHONEOS_DEPLOYMENT_TARGET = 15.5;
				LIBRARY_SEARCH_PATHS = (
					"$(inherited)",
					"$(PROJECT_DIR)",
				);
				MARKETING_VERSION = 1.0;
				PRODUCT_BUNDLE_IDENTIFIER = com.CoffeeOrder.RetirementCalculatorTests;
				PRODUCT_NAME = "$(TARGET_NAME)";
				SWIFT_EMIT_LOC_STRINGS = NO;
				SWIFT_VERSION = 5.0;
				TARGETED_DEVICE_FAMILY = "1,2";
				TEST_HOST = "$(BUILT_PRODUCTS_DIR)/RetirementCalculator.app/RetirementCalculator";
			};
			name = Release;
		};
		E49B4058287F11E200035C31 /* Debug */ = {
			isa = XCBuildConfiguration;
			baseConfigurationReference = 3BCBA624627C4347D9D8DA0D /* Pods-RetirementCalculator-RetirementCalculatorUITests.debug.xcconfig */;
			buildSettings = {
				ALWAYS_EMBED_SWIFT_STANDARD_LIBRARIES = YES;
				CODE_SIGN_STYLE = Automatic;
				CURRENT_PROJECT_VERSION = 1;
				DEVELOPMENT_TEAM = 5UJB27KNU5;
				GENERATE_INFOPLIST_FILE = YES;
				MARKETING_VERSION = 1.0;
				PRODUCT_BUNDLE_IDENTIFIER = com.CoffeeOrder.RetirementCalculatorUITests;
				PRODUCT_NAME = "$(TARGET_NAME)";
				SWIFT_EMIT_LOC_STRINGS = NO;
				SWIFT_VERSION = 5.0;
				TARGETED_DEVICE_FAMILY = "1,2";
				TEST_TARGET_NAME = RetirementCalculator;
			};
			name = Debug;
		};
		E49B4059287F11E200035C31 /* Release */ = {
			isa = XCBuildConfiguration;
			baseConfigurationReference = 5AE4A9CC724A4327F7D686A3 /* Pods-RetirementCalculator-RetirementCalculatorUITests.release.xcconfig */;
			buildSettings = {
				ALWAYS_EMBED_SWIFT_STANDARD_LIBRARIES = YES;
				CODE_SIGN_STYLE = Automatic;
				CURRENT_PROJECT_VERSION = 1;
				DEVELOPMENT_TEAM = 5UJB27KNU5;
				GENERATE_INFOPLIST_FILE = YES;
				MARKETING_VERSION = 1.0;
				PRODUCT_BUNDLE_IDENTIFIER = com.CoffeeOrder.RetirementCalculatorUITests;
				PRODUCT_NAME = "$(TARGET_NAME)";
				SWIFT_EMIT_LOC_STRINGS = NO;
				SWIFT_VERSION = 5.0;
				TARGETED_DEVICE_FAMILY = "1,2";
				TEST_TARGET_NAME = RetirementCalculator;
			};
			name = Release;
		};
/* End XCBuildConfiguration section */

/* Begin XCConfigurationList section */
		E49B4022287F11DC00035C31 /* Build configuration list for PBXProject "RetirementCalculator" */ = {
			isa = XCConfigurationList;
			buildConfigurations = (
				E49B404F287F11E200035C31 /* Debug */,
				E49B4050287F11E200035C31 /* Release */,
			);
			defaultConfigurationIsVisible = 0;
			defaultConfigurationName = Release;
		};
		E49B4051287F11E200035C31 /* Build configuration list for PBXNativeTarget "RetirementCalculator" */ = {
			isa = XCConfigurationList;
			buildConfigurations = (
				E49B4052287F11E200035C31 /* Debug */,
				E49B4053287F11E200035C31 /* Release */,
			);
			defaultConfigurationIsVisible = 0;
			defaultConfigurationName = Release;
		};
		E49B4054287F11E200035C31 /* Build configuration list for PBXNativeTarget "RetirementCalculatorTests" */ = {
			isa = XCConfigurationList;
			buildConfigurations = (
				E49B4055287F11E200035C31 /* Debug */,
				E49B4056287F11E200035C31 /* Release */,
			);
			defaultConfigurationIsVisible = 0;
			defaultConfigurationName = Release;
		};
		E49B4057287F11E200035C31 /* Build configuration list for PBXNativeTarget "RetirementCalculatorUITests" */ = {
			isa = XCConfigurationList;
			buildConfigurations = (
				E49B4058287F11E200035C31 /* Debug */,
				E49B4059287F11E200035C31 /* Release */,
			);
			defaultConfigurationIsVisible = 0;
			defaultConfigurationName = Release;
		};
/* End XCConfigurationList section */
	};
	rootObject = E49B401F287F11DC00035C31 /* Project object */;
}
